
Microsoft Visual Studio Solution File, Format Version 12.00
# Visual Studio Version 17
VisualStudioVersion = 17.8.34322.80
MinimumVisualStudioVersion = 10.0.40219.1
Project("{2150E333-8FDC-42A3-9474-1A3956D46DE8}") = "Backend", "Backend", "{F273DD95-D1C6-41B2-9EFB-5947BE20F9FA}"
EndProject
Project("{2150E333-8FDC-42A3-9474-1A3956D46DE8}") = "Frontend", "Frontend", "{1CF9AE71-460A-459A-BDE3-466886356896}"
EndProject
Project("{9A19103F-16F7-4668-BE54-9A1E7A4F7556}") = "Arch.UI", "src\Frontend\Arch.UI\Arch.UI.csproj", "{322CB14D-71B7-4FAF-B67B-1C972CCBCCCA}"
EndProject
Project("{2150E333-8FDC-42A3-9474-1A3956D46DE8}") = "src", "src", "{8C1C3A30-EE2A-42A9-ABAB-7A768F46ADC3}"
EndProject
Project("{9A19103F-16F7-4668-BE54-9A1E7A4F7556}") = "Arch.Core.ApplicationService", "src\Backend\01. Core\Arch.Core.ApplicationService\Arch.Core.ApplicationService.csproj", "{BBAF6318-DF46-4AF1-A81D-F451FDB9F247}"
EndProject
Project("{9A19103F-16F7-4668-BE54-9A1E7A4F7556}") = "Arch.Core.Contracts", "src\Backend\01. Core\Arch.Core.Contracts\Arch.Core.Contracts.csproj", "{36F4F93C-119B-43A4-8E28-156E11970532}"
EndProject
Project("{9A19103F-16F7-4668-BE54-9A1E7A4F7556}") = "Arch.Core.Domain", "src\Backend\01. Core\Arch.Core.Domain\Arch.Core.Domain.csproj", "{B25C16CD-958C-48F7-A68E-A409D63F5C73}"
EndProject
Project("{9A19103F-16F7-4668-BE54-9A1E7A4F7556}") = "Arch.Infra.Data.Sql.Commands", "src\Backend\02. Infra\Data\Arch.Infra.Data.Sql.Commands\Arch.Infra.Data.Sql.Commands.csproj", "{21994D80-7B41-4AAA-93F8-A89EF889C52F}"
EndProject
Project("{9A19103F-16F7-4668-BE54-9A1E7A4F7556}") = "Arch.Infra.Data.Sql.Queries", "src\Backend\02. Infra\Data\Arch.Infra.Data.Sql.Queries\Arch.Infra.Data.Sql.Queries.csproj", "{6788A962-5690-4645-8562-F1486A0A8C8C}"
EndProject
Project("{2150E333-8FDC-42A3-9474-1A3956D46DE8}") = "01. Core", "01. Core", "{E1EC2B75-CC62-456A-A8C7-942C316B375C}"
EndProject
Project("{2150E333-8FDC-42A3-9474-1A3956D46DE8}") = "02. Infra", "02. Infra", "{83722E39-20AE-49A4-84B3-2FC2B8D0955C}"
EndProject
Project("{2150E333-8FDC-42A3-9474-1A3956D46DE8}") = "Data", "Data", "{50BF237B-4521-4A52-9234-A9F60088459D}"
EndProject
Project("{2150E333-8FDC-42A3-9474-1A3956D46DE8}") = "03. Endpoints", "03. Endpoints", "{B844B6F2-A7E9-4B76-B513-021C6CAFDCA3}"
EndProject
Project("{9A19103F-16F7-4668-BE54-9A1E7A4F7556}") = "Arch.Endpoints.API", "src\Backend\03. Endpoints\Arch.Endpoints.API\Arch.Endpoints.API.csproj", "{E6128FF4-3B0B-4304-8735-19E1CADD19A0}"
EndProject
Project("{2150E333-8FDC-42A3-9474-1A3956D46DE8}") = "tests", "tests", "{C5687365-DBFC-495A-B72A-BB98E2C128A6}"
EndProject
Project("{2150E333-8FDC-42A3-9474-1A3956D46DE8}") = "Tools", "Tools", "{1398860F-7024-4CE0-B1A8-C6C67C4A6D80}"
EndProject
Project("{FAE04EC0-301F-11D3-BF4B-00C04F79EFBC}") = "Arch.Infra.Tools.AutoMapper", "src\Backend\02. Infra\Tools\Arch.Infra.Tools.AutoMapper\Arch.Infra.Tools.AutoMapper.csproj", "{43FEF0B1-866C-46A0-B086-F6240810AA5A}"
EndProject
Global
	GlobalSection(SolutionConfigurationPlatforms) = preSolution
		Debug|Any CPU = Debug|Any CPU
		Release|Any CPU = Release|Any CPU
	EndGlobalSection
	GlobalSection(ProjectConfigurationPlatforms) = postSolution
		{322CB14D-71B7-4FAF-B67B-1C972CCBCCCA}.Debug|Any CPU.ActiveCfg = Debug|Any CPU
		{322CB14D-71B7-4FAF-B67B-1C972CCBCCCA}.Debug|Any CPU.Build.0 = Debug|Any CPU
		{322CB14D-71B7-4FAF-B67B-1C972CCBCCCA}.Release|Any CPU.ActiveCfg = Release|Any CPU
		{322CB14D-71B7-4FAF-B67B-1C972CCBCCCA}.Release|Any CPU.Build.0 = Release|Any CPU
		{BBAF6318-DF46-4AF1-A81D-F451FDB9F247}.Debug|Any CPU.ActiveCfg = Debug|Any CPU
		{BBAF6318-DF46-4AF1-A81D-F451FDB9F247}.Debug|Any CPU.Build.0 = Debug|Any CPU
		{BBAF6318-DF46-4AF1-A81D-F451FDB9F247}.Release|Any CPU.ActiveCfg = Release|Any CPU
		{BBAF6318-DF46-4AF1-A81D-F451FDB9F247}.Release|Any CPU.Build.0 = Release|Any CPU
		{36F4F93C-119B-43A4-8E28-156E11970532}.Debug|Any CPU.ActiveCfg = Debug|Any CPU
		{36F4F93C-119B-43A4-8E28-156E11970532}.Debug|Any CPU.Build.0 = Debug|Any CPU
		{36F4F93C-119B-43A4-8E28-156E11970532}.Release|Any CPU.ActiveCfg = Release|Any CPU
		{36F4F93C-119B-43A4-8E28-156E11970532}.Release|Any CPU.Build.0 = Release|Any CPU
		{B25C16CD-958C-48F7-A68E-A409D63F5C73}.Debug|Any CPU.ActiveCfg = Debug|Any CPU
		{B25C16CD-958C-48F7-A68E-A409D63F5C73}.Debug|Any CPU.Build.0 = Debug|Any CPU
		{B25C16CD-958C-48F7-A68E-A409D63F5C73}.Release|Any CPU.ActiveCfg = Release|Any CPU
		{B25C16CD-958C-48F7-A68E-A409D63F5C73}.Release|Any CPU.Build.0 = Release|Any CPU
		{21994D80-7B41-4AAA-93F8-A89EF889C52F}.Debug|Any CPU.ActiveCfg = Debug|Any CPU
		{21994D80-7B41-4AAA-93F8-A89EF889C52F}.Debug|Any CPU.Build.0 = Debug|Any CPU
		{21994D80-7B41-4AAA-93F8-A89EF889C52F}.Release|Any CPU.ActiveCfg = Release|Any CPU
		{21994D80-7B41-4AAA-93F8-A89EF889C52F}.Release|Any CPU.Build.0 = Release|Any CPU
		{6788A962-5690-4645-8562-F1486A0A8C8C}.Debug|Any CPU.ActiveCfg = Debug|Any CPU
		{6788A962-5690-4645-8562-F1486A0A8C8C}.Debug|Any CPU.Build.0 = Debug|Any CPU
		{6788A962-5690-4645-8562-F1486A0A8C8C}.Release|Any CPU.ActiveCfg = Release|Any CPU
		{6788A962-5690-4645-8562-F1486A0A8C8C}.Release|Any CPU.Build.0 = Release|Any CPU
		{E6128FF4-3B0B-4304-8735-19E1CADD19A0}.Debug|Any CPU.ActiveCfg = Debug|Any CPU
		{E6128FF4-3B0B-4304-8735-19E1CADD19A0}.Debug|Any CPU.Build.0 = Debug|Any CPU
		{E6128FF4-3B0B-4304-8735-19E1CADD19A0}.Release|Any CPU.ActiveCfg = Release|Any CPU
		{E6128FF4-3B0B-4304-8735-19E1CADD19A0}.Release|Any CPU.Build.0 = Release|Any CPU
		{43FEF0B1-866C-46A0-B086-F6240810AA5A}.Debug|Any CPU.ActiveCfg = Debug|Any CPU
		{43FEF0B1-866C-46A0-B086-F6240810AA5A}.Debug|Any CPU.Build.0 = Debug|Any CPU
		{43FEF0B1-866C-46A0-B086-F6240810AA5A}.Release|Any CPU.ActiveCfg = Release|Any CPU
		{43FEF0B1-866C-46A0-B086-F6240810AA5A}.Release|Any CPU.Build.0 = Release|Any CPU
	EndGlobalSection
	GlobalSection(SolutionProperties) = preSolution
		HideSolutionNode = FALSE
	EndGlobalSection
	GlobalSection(NestedProjects) = preSolution
		{F273DD95-D1C6-41B2-9EFB-5947BE20F9FA} = {8C1C3A30-EE2A-42A9-ABAB-7A768F46ADC3}
		{1CF9AE71-460A-459A-BDE3-466886356896} = {8C1C3A30-EE2A-42A9-ABAB-7A768F46ADC3}
		{322CB14D-71B7-4FAF-B67B-1C972CCBCCCA} = {1CF9AE71-460A-459A-BDE3-466886356896}
		{BBAF6318-DF46-4AF1-A81D-F451FDB9F247} = {E1EC2B75-CC62-456A-A8C7-942C316B375C}
		{36F4F93C-119B-43A4-8E28-156E11970532} = {E1EC2B75-CC62-456A-A8C7-942C316B375C}
		{B25C16CD-958C-48F7-A68E-A409D63F5C73} = {E1EC2B75-CC62-456A-A8C7-942C316B375C}
		{21994D80-7B41-4AAA-93F8-A89EF889C52F} = {50BF237B-4521-4A52-9234-A9F60088459D}
		{6788A962-5690-4645-8562-F1486A0A8C8C} = {50BF237B-4521-4A52-9234-A9F60088459D}
		{E1EC2B75-CC62-456A-A8C7-942C316B375C} = {F273DD95-D1C6-41B2-9EFB-5947BE20F9FA}
		{83722E39-20AE-49A4-84B3-2FC2B8D0955C} = {F273DD95-D1C6-41B2-9EFB-5947BE20F9FA}
		{50BF237B-4521-4A52-9234-A9F60088459D} = {83722E39-20AE-49A4-84B3-2FC2B8D0955C}
		{B844B6F2-A7E9-4B76-B513-021C6CAFDCA3} = {F273DD95-D1C6-41B2-9EFB-5947BE20F9FA}
		{E6128FF4-3B0B-4304-8735-19E1CADD19A0} = {B844B6F2-A7E9-4B76-B513-021C6CAFDCA3}
		{1398860F-7024-4CE0-B1A8-C6C67C4A6D80} = {83722E39-20AE-49A4-84B3-2FC2B8D0955C}
		{43FEF0B1-866C-46A0-B086-F6240810AA5A} = {1398860F-7024-4CE0-B1A8-C6C67C4A6D80}
	EndGlobalSection
	GlobalSection(ExtensibilityGlobals) = postSolution
		SolutionGuid = {D3611B4E-9203-40D2-97F8-E64FC004AEE9}
	EndGlobalSection
EndGlobal
